// !$*UTF8*$!
{
	archiveVersion = 1;
	classes = {
	};
	objectVersion = 50;
	objects = {

/* Begin PBXBuildFile section */
		F400C6BB260DBC6700CD9ECD /* Brain.swift in Sources */ = {isa = PBXBuildFile; fileRef = F400C6BA260DBC6700CD9ECD /* Brain.swift */; };
		F426465A260A518D00A75EA8 /* AppDelegate.swift in Sources */ = {isa = PBXBuildFile; fileRef = F4264659260A518D00A75EA8 /* AppDelegate.swift */; };
		F426465C260A518D00A75EA8 /* SceneDelegate.swift in Sources */ = {isa = PBXBuildFile; fileRef = F426465B260A518D00A75EA8 /* SceneDelegate.swift */; };
		F426465E260A518D00A75EA8 /* ViewController.swift in Sources */ = {isa = PBXBuildFile; fileRef = F426465D260A518D00A75EA8 /* ViewController.swift */; };
		F4264661260A518D00A75EA8 /* Main.storyboard in Resources */ = {isa = PBXBuildFile; fileRef = F426465F260A518D00A75EA8 /* Main.storyboard */; };
		F4264663260A518E00A75EA8 /* Assets.xcassets in Resources */ = {isa = PBXBuildFile; fileRef = F4264662260A518E00A75EA8 /* Assets.xcassets */; };
		F4264666260A518E00A75EA8 /* LaunchScreen.storyboard in Resources */ = {isa = PBXBuildFile; fileRef = F4264664260A518E00A75EA8 /* LaunchScreen.storyboard */; };
		F4264671260A518E00A75EA8 /* Quiz_AppTests.swift in Sources */ = {isa = PBXBuildFile; fileRef = F4264670260A518E00A75EA8 /* Quiz_AppTests.swift */; };
		F426467C260A518E00A75EA8 /* Quiz_AppUITests.swift in Sources */ = {isa = PBXBuildFile; fileRef = F426467B260A518E00A75EA8 /* Quiz_AppUITests.swift */; };
		F426468D260A5B9700A75EA8 /* Question.swift in Sources */ = {isa = PBXBuildFile; fileRef = F426468C260A5B9700A75EA8 /* Question.swift */; };
/* End PBXBuildFile section */

/* Begin PBXContainerItemProxy section */
		F426466D260A518E00A75EA8 /* PBXContainerItemProxy */ = {
			isa = PBXContainerItemProxy;
			containerPortal = F426464E260A518D00A75EA8 /* Project object */;
			proxyType = 1;
			remoteGlobalIDString = F4264655260A518D00A75EA8;
			remoteInfo = "Quiz App";
		};
		F4264678260A518E00A75EA8 /* PBXContainerItemProxy */ = {
			isa = PBXContainerItemProxy;
			containerPortal = F426464E260A518D00A75EA8 /* Project object */;
			proxyType = 1;
			remoteGlobalIDString = F4264655260A518D00A75EA8;
			remoteInfo = "Quiz App";
		};
/* End PBXContainerItemProxy section */

/* Begin PBXFileReference section */
		F400C6BA260DBC6700CD9ECD /* Brain.swift */ = {isa = PBXFileReference; lastKnownFileType = sourcecode.swift; path = Brain.swift; sourceTree = "<group>"; };
		F4264656260A518D00A75EA8 /* Quiz App.app */ = {isa = PBXFileReference; explicitFileType = wrapper.application; includeInIndex = 0; path = "Quiz App.app"; sourceTree = BUILT_PRODUCTS_DIR; };
		F4264659260A518D00A75EA8 /* AppDelegate.swift */ = {isa = PBXFileReference; lastKnownFileType = sourcecode.swift; path = AppDelegate.swift; sourceTree = "<group>"; };
		F426465B260A518D00A75EA8 /* SceneDelegate.swift */ = {isa = PBXFileReference; lastKnownFileType = sourcecode.swift; path = SceneDelegate.swift; sourceTree = "<group>"; };
		F426465D260A518D00A75EA8 /* ViewController.swift */ = {isa = PBXFileReference; lastKnownFileType = sourcecode.swift; path = ViewController.swift; sourceTree = "<group>"; };
		F4264660260A518D00A75EA8 /* Base */ = {isa = PBXFileReference; lastKnownFileType = file.storyboard; name = Base; path = Base.lproj/Main.storyboard; sourceTree = "<group>"; };
		F4264662260A518E00A75EA8 /* Assets.xcassets */ = {isa = PBXFileReference; lastKnownFileType = folder.assetcatalog; path = Assets.xcassets; sourceTree = "<group>"; };
		F4264665260A518E00A75EA8 /* Base */ = {isa = PBXFileReference; lastKnownFileType = file.storyboard; name = Base; path = Base.lproj/LaunchScreen.storyboard; sourceTree = "<group>"; };
		F4264667260A518E00A75EA8 /* Info.plist */ = {isa = PBXFileReference; lastKnownFileType = text.plist.xml; path = Info.plist; sourceTree = "<group>"; };
		F426466C260A518E00A75EA8 /* Quiz AppTests.xctest */ = {isa = PBXFileReference; explicitFileType = wrapper.cfbundle; includeInIndex = 0; path = "Quiz AppTests.xctest"; sourceTree = BUILT_PRODUCTS_DIR; };
		F4264670260A518E00A75EA8 /* Quiz_AppTests.swift */ = {isa = PBXFileReference; lastKnownFileType = sourcecode.swift; path = Quiz_AppTests.swift; sourceTree = "<group>"; };
		F4264672260A518E00A75EA8 /* Info.plist */ = {isa = PBXFileReference; lastKnownFileType = text.plist.xml; path = Info.plist; sourceTree = "<group>"; };
		F4264677260A518E00A75EA8 /* Quiz AppUITests.xctest */ = {isa = PBXFileReference; explicitFileType = wrapper.cfbundle; includeInIndex = 0; path = "Quiz AppUITests.xctest"; sourceTree = BUILT_PRODUCTS_DIR; };
		F426467B260A518E00A75EA8 /* Quiz_AppUITests.swift */ = {isa = PBXFileReference; lastKnownFileType = sourcecode.swift; path = Quiz_AppUITests.swift; sourceTree = "<group>"; };
		F426467D260A518E00A75EA8 /* Info.plist */ = {isa = PBXFileReference; lastKnownFileType = text.plist.xml; path = Info.plist; sourceTree = "<group>"; };
		F426468C260A5B9700A75EA8 /* Question.swift */ = {isa = PBXFileReference; lastKnownFileType = sourcecode.swift; path = Question.swift; sourceTree = "<group>"; };
/* End PBXFileReference section */

/* Begin PBXFrameworksBuildPhase section */
		F4264653260A518D00A75EA8 /* Frameworks */ = {
			isa = PBXFrameworksBuildPhase;
			buildActionMask = 2147483647;
			files = (
			);
			runOnlyForDeploymentPostprocessing = 0;
		};
		F4264669260A518E00A75EA8 /* Frameworks */ = {
			isa = PBXFrameworksBuildPhase;
			buildActionMask = 2147483647;
			files = (
			);
			runOnlyForDeploymentPostprocessing = 0;
		};
		F4264674260A518E00A75EA8 /* Frameworks */ = {
			isa = PBXFrameworksBuildPhase;
			buildActionMask = 2147483647;
			files = (
			);
			runOnlyForDeploymentPostprocessing = 0;
		};
/* End PBXFrameworksBuildPhase section */

/* Begin PBXGroup section */
		F400C6B7260DBBF500CD9ECD /* controller */ = {
			isa = PBXGroup;
			children = (
				F426465D260A518D00A75EA8 /* ViewController.swift */,
			);
			path = controller;
			sourceTree = "<group>";
		};
		F400C6B8260DBC0100CD9ECD /* View */ = {
			isa = PBXGroup;
			children = (
				F426465F260A518D00A75EA8 /* Main.storyboard */,
			);
			path = View;
			sourceTree = "<group>";
		};
		F400C6B9260DBC0A00CD9ECD /* Model */ = {
			isa = PBXGroup;
			children = (
				F426468C260A5B9700A75EA8 /* Question.swift */,
				F400C6BA260DBC6700CD9ECD /* Brain.swift */,
			);
			path = Model;
			sourceTree = "<group>";
		};
		F426464D260A518D00A75EA8 = {
			isa = PBXGroup;
			children = (
				F4264658260A518D00A75EA8 /* Quiz App */,
				F426466F260A518E00A75EA8 /* Quiz AppTests */,
				F426467A260A518E00A75EA8 /* Quiz AppUITests */,
				F4264657260A518D00A75EA8 /* Products */,
			);
			sourceTree = "<group>";
		};
		F4264657260A518D00A75EA8 /* Products */ = {
			isa = PBXGroup;
			children = (
				F4264656260A518D00A75EA8 /* Quiz App.app */,
				F426466C260A518E00A75EA8 /* Quiz AppTests.xctest */,
				F4264677260A518E00A75EA8 /* Quiz AppUITests.xctest */,
			);
			name = Products;
			sourceTree = "<group>";
		};
		F4264658260A518D00A75EA8 /* Quiz App */ = {
			isa = PBXGroup;
			children = (
				F4264659260A518D00A75EA8 /* AppDelegate.swift */,
				F426465B260A518D00A75EA8 /* SceneDelegate.swift */,
				F400C6B9260DBC0A00CD9ECD /* Model */,
				F400C6B8260DBC0100CD9ECD /* View */,
				F400C6B7260DBBF500CD9ECD /* controller */,
				F4264662260A518E00A75EA8 /* Assets.xcassets */,
				F4264664260A518E00A75EA8 /* LaunchScreen.storyboard */,
				F4264667260A518E00A75EA8 /* Info.plist */,
			);
			path = "Quiz App";
			sourceTree = "<group>";
		};
		F426466F260A518E00A75EA8 /* Quiz AppTests */ = {
			isa = PBXGroup;
			children = (
				F4264670260A518E00A75EA8 /* Quiz_AppTests.swift */,
				F4264672260A518E00A75EA8 /* Info.plist */,
			);
			path = "Quiz AppTests";
			sourceTree = "<group>";
		};
		F426467A260A518E00A75EA8 /* Quiz AppUITests */ = {
			isa = PBXGroup;
			children = (
				F426467B260A518E00A75EA8 /* Quiz_AppUITests.swift */,
				F426467D260A518E00A75EA8 /* Info.plist */,
			);
			path = "Quiz AppUITests";
			sourceTree = "<group>";
		};
/* End PBXGroup section */

/* Begin PBXNativeTarget section */
		F4264655260A518D00A75EA8 /* Quiz App */ = {
			isa = PBXNativeTarget;
			buildConfigurationList = F4264680260A518E00A75EA8 /* Build configuration list for PBXNativeTarget "Quiz App" */;
			buildPhases = (
				F4264652260A518D00A75EA8 /* Sources */,
				F4264653260A518D00A75EA8 /* Frameworks */,
				F4264654260A518D00A75EA8 /* Resources */,
			);
			buildRules = (
			);
			dependencies = (
			);
			name = "Quiz App";
			productName = "Quiz App";
			productReference = F4264656260A518D00A75EA8 /* Quiz App.app */;
			productType = "com.apple.product-type.application";
		};
		F426466B260A518E00A75EA8 /* Quiz AppTests */ = {
			isa = PBXNativeTarget;
			buildConfigurationList = F4264683260A518E00A75EA8 /* Build configuration list for PBXNativeTarget "Quiz AppTests" */;
			buildPhases = (
				F4264668260A518E00A75EA8 /* Sources */,
				F4264669260A518E00A75EA8 /* Frameworks */,
				F426466A260A518E00A75EA8 /* Resources */,
			);
			buildRules = (
			);
			dependencies = (
				F426466E260A518E00A75EA8 /* PBXTargetDependency */,
			);
			name = "Quiz AppTests";
			productName = "Quiz AppTests";
			productReference = F426466C260A518E00A75EA8 /* Quiz AppTests.xctest */;
			productType = "com.apple.product-type.bundle.unit-test";
		};
		F4264676260A518E00A75EA8 /* Quiz AppUITests */ = {
			isa = PBXNativeTarget;
			buildConfigurationList = F4264686260A518E00A75EA8 /* Build configuration list for PBXNativeTarget "Quiz AppUITests" */;
			buildPhases = (
				F4264673260A518E00A75EA8 /* Sources */,
				F4264674260A518E00A75EA8 /* Frameworks */,
				F4264675260A518E00A75EA8 /* Resources */,
			);
			buildRules = (
			);
			dependencies = (
				F4264679260A518E00A75EA8 /* PBXTargetDependency */,
			);
			name = "Quiz AppUITests";
			productName = "Quiz AppUITests";
			productReference = F4264677260A518E00A75EA8 /* Quiz AppUITests.xctest */;
			productType = "com.apple.product-type.bundle.ui-testing";
		};
/* End PBXNativeTarget section */

/* Begin PBXProject section */
		F426464E260A518D00A75EA8 /* Project object */ = {
			isa = PBXProject;
			attributes = {
				LastSwiftUpdateCheck = 1240;
				LastUpgradeCheck = 1240;
				TargetAttributes = {
					F4264655260A518D00A75EA8 = {
						CreatedOnToolsVersion = 12.4;
					};
					F426466B260A518E00A75EA8 = {
						CreatedOnToolsVersion = 12.4;
						TestTargetID = F4264655260A518D00A75EA8;
					};
					F4264676260A518E00A75EA8 = {
						CreatedOnToolsVersion = 12.4;
						TestTargetID = F4264655260A518D00A75EA8;
					};
				};
			};
			buildConfigurationList = F4264651260A518D00A75EA8 /* Build configuration list for PBXProject "Quiz App" */;
			compatibilityVersion = "Xcode 9.3";
			developmentRegion = en;
			hasScannedForEncodings = 0;
			knownRegions = (
				en,
				Base,
			);
			mainGroup = F426464D260A518D00A75EA8;
			productRefGroup = F4264657260A518D00A75EA8 /* Products */;
			projectDirPath = "";
			projectRoot = "";
			targets = (
				F4264655260A518D00A75EA8 /* Quiz App */,
				F426466B260A518E00A75EA8 /* Quiz AppTests */,
				F4264676260A518E00A75EA8 /* Quiz AppUITests */,
			);
		};
/* End PBXProject section */

/* Begin PBXResourcesBuildPhase section */
		F4264654260A518D00A75EA8 /* Resources */ = {
			isa = PBXResourcesBuildPhase;
			buildActionMask = 2147483647;
			files = (
				F4264666260A518E00A75EA8 /* LaunchScreen.storyboard in Resources */,
				F4264663260A518E00A75EA8 /* Assets.xcassets in Resources */,
				F4264661260A518D00A75EA8 /* Main.storyboard in Resources */,
			);
			runOnlyForDeploymentPostprocessing = 0;
		};
		F426466A260A518E00A75EA8 /* Resources */ = {
			isa = PBXResourcesBuildPhase;
			buildActionMask = 2147483647;
			files = (
			);
			runOnlyForDeploymentPostprocessing = 0;
		};
		F4264675260A518E00A75EA8 /* Resources */ = {
			isa = PBXResourcesBuildPhase;
			buildActionMask = 2147483647;
			files = (
			);
			runOnlyForDeploymentPostprocessing = 0;
		};
/* End PBXResourcesBuildPhase section */

/* Begin PBXSourcesBuildPhase section */
		F4264652260A518D00A75EA8 /* Sources */ = {
			isa = PBXSourcesBuildPhase;
			buildActionMask = 2147483647;
			files = (
				F426465E260A518D00A75EA8 /* ViewController.swift in Sources */,
				F426468D260A5B9700A75EA8 /* Question.swift in Sources */,
				F426465A260A518D00A75EA8 /* AppDelegate.swift in Sources */,
				F400C6BB260DBC6700CD9ECD /* Brain.swift in Sources */,
				F426465C260A518D00A75EA8 /* SceneDelegate.swift in Sources */,
			);
			runOnlyForDeploymentPostprocessing = 0;
		};
		F4264668260A518E00A75EA8 /* Sources */ = {
			isa = PBXSourcesBuildPhase;
			buildActionMask = 2147483647;
			files = (
				F4264671260A518E00A75EA8 /* Quiz_AppTests.swift in Sources */,
			);
			runOnlyForDeploymentPostprocessing = 0;
		};
		F4264673260A518E00A75EA8 /* Sources */ = {
			isa = PBXSourcesBuildPhase;
			buildActionMask = 2147483647;
			files = (
				F426467C260A518E00A75EA8 /* Quiz_AppUITests.swift in Sources */,
			);
			runOnlyForDeploymentPostprocessing = 0;
		};
/* End PBXSourcesBuildPhase section */

/* Begin PBXTargetDependency section */
		F426466E260A518E00A75EA8 /* PBXTargetDependency */ = {
			isa = PBXTargetDependency;
			target = F4264655260A518D00A75EA8 /* Quiz App */;
			targetProxy = F426466D260A518E00A75EA8 /* PBXContainerItemProxy */;
		};
		F4264679260A518E00A75EA8 /* PBXTargetDependency */ = {
			isa = PBXTargetDependency;
			target = F4264655260A518D00A75EA8 /* Quiz App */;
			targetProxy = F4264678260A518E00A75EA8 /* PBXContainerItemProxy */;
		};
/* End PBXTargetDependency section */

/* Begin PBXVariantGroup section */
		F426465F260A518D00A75EA8 /* Main.storyboard */ = {
			isa = PBXVariantGroup;
			children = (
				F4264660260A518D00A75EA8 /* Base */,
			);
			name = Main.storyboard;
			sourceTree = "<group>";
		};
		F4264664260A518E00A75EA8 /* LaunchScreen.storyboard */ = {
			isa = PBXVariantGroup;
			children = (
				F4264665260A518E00A75EA8 /* Base */,
			);
			name = LaunchScreen.storyboard;
			sourceTree = "<group>";
		};
/* End PBXVariantGroup section */

/* Begin XCBuildConfiguration section */
		F426467E260A518E00A75EA8 /* Debug */ = {
			isa = XCBuildConfiguration;
			buildSettings = {
				ALWAYS_SEARCH_USER_PATHS = NO;
				CLANG_ANALYZER_NONNULL = YES;
				CLANG_ANALYZER_NUMBER_OBJECT_CONVERSION = YES_AGGRESSIVE;
				CLANG_CXX_LANGUAGE_STANDARD = "gnu++14";
				CLANG_CXX_LIBRARY = "libc++";
				CLANG_ENABLE_MODULES = YES;
				CLANG_ENABLE_OBJC_ARC = YES;
				CLANG_ENABLE_OBJC_WEAK = YES;
				CLANG_WARN_BLOCK_CAPTURE_AUTORELEASING = YES;
				CLANG_WARN_BOOL_CONVERSION = YES;
				CLANG_WARN_COMMA = YES;
				CLANG_WARN_CONSTANT_CONVERSION = YES;
				CLANG_WARN_DEPRECATED_OBJC_IMPLEMENTATIONS = YES;
				CLANG_WARN_DIRECT_OBJC_ISA_USAGE = YES_ERROR;
				CLANG_WARN_DOCUMENTATION_COMMENTS = YES;
				CLANG_WARN_EMPTY_BODY = YES;
				CLANG_WARN_ENUM_CONVERSION = YES;
				CLANG_WARN_INFINITE_RECURSION = YES;
				CLANG_WARN_INT_CONVERSION = YES;
				CLANG_WARN_NON_LITERAL_NULL_CONVERSION = YES;
				CLANG_WARN_OBJC_IMPLICIT_RETAIN_SELF = YES;
				CLANG_WARN_OBJC_LITERAL_CONVERSION = YES;
				CLANG_WARN_OBJC_ROOT_CLASS = YES_ERROR;
				CLANG_WARN_QUOTED_INCLUDE_IN_FRAMEWORK_HEADER = YES;
				CLANG_WARN_RANGE_LOOP_ANALYSIS = YES;
				CLANG_WARN_STRICT_PROTOTYPES = YES;
				CLANG_WARN_SUSPICIOUS_MOVE = YES;
				CLANG_WARN_UNGUARDED_AVAILABILITY = YES_AGGRESSIVE;
				CLANG_WARN_UNREACHABLE_CODE = YES;
				CLANG_WARN__DUPLICATE_METHOD_MATCH = YES;
				COPY_PHASE_STRIP = NO;
				DEBUG_INFORMATION_FORMAT = dwarf;
				ENABLE_STRICT_OBJC_MSGSEND = YES;
				ENABLE_TESTABILITY = YES;
				GCC_C_LANGUAGE_STANDARD = gnu11;
				GCC_DYNAMIC_NO_PIC = NO;
				GCC_NO_COMMON_BLOCKS = YES;
				GCC_OPTIMIZATION_LEVEL = 0;
				GCC_PREPROCESSOR_DEFINITIONS = (
					"DEBUG=1",
					"$(inherited)",
				);
				GCC_WARN_64_TO_32_BIT_CONVERSION = YES;
				GCC_WARN_ABOUT_RETURN_TYPE = YES_ERROR;
				GCC_WARN_UNDECLARED_SELECTOR = YES;
				GCC_WARN_UNINITIALIZED_AUTOS = YES_AGGRESSIVE;
				GCC_WARN_UNUSED_FUNCTION = YES;
				GCC_WARN_UNUSED_VARIABLE = YES;
				IPHONEOS_DEPLOYMENT_TARGET = 14.4;
				MTL_ENABLE_DEBUG_INFO = INCLUDE_SOURCE;
				MTL_FAST_MATH = YES;
				ONLY_ACTIVE_ARCH = YES;
				SDKROOT = iphoneos;
				SWIFT_ACTIVE_COMPILATION_CONDITIONS = DEBUG;
				SWIFT_OPTIMIZATION_LEVEL = "-Onone";
			};
			name = Debug;
		};
		F426467F260A518E00A75EA8 /* Release */ = {
			isa = XCBuildConfiguration;
			buildSettings = {
				ALWAYS_SEARCH_USER_PATHS = NO;
				CLANG_ANALYZER_NONNULL = YES;
				CLANG_ANALYZER_NUMBER_OBJECT_CONVERSION = YES_AGGRESSIVE;
				CLANG_CXX_LANGUAGE_STANDARD = "gnu++14";
				CLANG_CXX_LIBRARY = "libc++";
				CLANG_ENABLE_MODULES = YES;
				CLANG_ENABLE_OBJC_ARC = YES;
				CLANG_ENABLE_OBJC_WEAK = YES;
				CLANG_WARN_BLOCK_CAPTURE_AUTORELEASING = YES;
				CLANG_WARN_BOOL_CONVERSION = YES;
				CLANG_WARN_COMMA = YES;
				CLANG_WARN_CONSTANT_CONVERSION = YES;
				CLANG_WARN_DEPRECATED_OBJC_IMPLEMENTATIONS = YES;
				CLANG_WARN_DIRECT_OBJC_ISA_USAGE = YES_ERROR;
				CLANG_WARN_DOCUMENTATION_COMMENTS = YES;
				CLANG_WARN_EMPTY_BODY = YES;
				CLANG_WARN_ENUM_CONVERSION = YES;
				CLANG_WARN_INFINITE_RECURSION = YES;
				CLANG_WARN_INT_CONVERSION = YES;
				CLANG_WARN_NON_LITERAL_NULL_CONVERSION = YES;
				CLANG_WARN_OBJC_IMPLICIT_RETAIN_SELF = YES;
				CLANG_WARN_OBJC_LITERAL_CONVERSION = YES;
				CLANG_WARN_OBJC_ROOT_CLASS = YES_ERROR;
				CLANG_WARN_QUOTED_INCLUDE_IN_FRAMEWORK_HEADER = YES;
				CLANG_WARN_RANGE_LOOP_ANALYSIS = YES;
				CLANG_WARN_STRICT_PROTOTYPES = YES;
				CLANG_WARN_SUSPICIOUS_MOVE = YES;
				CLANG_WARN_UNGUARDED_AVAILABILITY = YES_AGGRESSIVE;
				CLANG_WARN_UNREACHABLE_CODE = YES;
				CLANG_WARN__DUPLICATE_METHOD_MATCH = YES;
				COPY_PHASE_STRIP = NO;
				DEBUG_INFORMATION_FORMAT = "dwarf-with-dsym";
				ENABLE_NS_ASSERTIONS = NO;
				ENABLE_STRICT_OBJC_MSGSEND = YES;
				GCC_C_LANGUAGE_STANDARD = gnu11;
				GCC_NO_COMMON_BLOCKS = YES;
				GCC_WARN_64_TO_32_BIT_CONVERSION = YES;
				GCC_WARN_ABOUT_RETURN_TYPE = YES_ERROR;
				GCC_WARN_UNDECLARED_SELECTOR = YES;
				GCC_WARN_UNINITIALIZED_AUTOS = YES_AGGRESSIVE;
				GCC_WARN_UNUSED_FUNCTION = YES;
				GCC_WARN_UNUSED_VARIABLE = YES;
				IPHONEOS_DEPLOYMENT_TARGET = 14.4;
				MTL_ENABLE_DEBUG_INFO = NO;
				MTL_FAST_MATH = YES;
				SDKROOT = iphoneos;
				SWIFT_COMPILATION_MODE = wholemodule;
				SWIFT_OPTIMIZATION_LEVEL = "-O";
				VALIDATE_PRODUCT = YES;
			};
			name = Release;
		};
		F4264681260A518E00A75EA8 /* Debug */ = {
			isa = XCBuildConfiguration;
			buildSettings = {
				ASSETCATALOG_COMPILER_APPICON_NAME = AppIcon;
				ASSETCATALOG_COMPILER_GLOBAL_ACCENT_COLOR_NAME = AccentColor;
				CODE_SIGN_STYLE = Automatic;
				DEVELOPMENT_TEAM = 2N5BZXFW99;
				INFOPLIST_FILE = "Quiz App/Info.plist";
				LD_RUNPATH_SEARCH_PATHS = (
					"$(inherited)",
					"@executable_path/Frameworks",
				);
				PRODUCT_BUNDLE_IDENTIFIER = "com.stevebrains.Quiz-App";
				PRODUCT_NAME = "$(TARGET_NAME)";
				SWIFT_VERSION = 5.0;
				TARGETED_DEVICE_FAMILY = "1,2";
			};
			name = Debug;
		};
		F4264682260A518E00A75EA8 /* Release */ = {
			isa = XCBuildConfiguration;
			buildSettings = {
				ASSETCATALOG_COMPILER_APPICON_NAME = AppIcon;
				ASSETCATALOG_COMPILER_GLOBAL_ACCENT_COLOR_NAME = AccentColor;
				CODE_SIGN_STYLE = Automatic;
				DEVELOPMENT_TEAM = 2N5BZXFW99;
				INFOPLIST_FILE = "Quiz App/Info.plist";
				LD_RUNPATH_SEARCH_PATHS = (
					"$(inherited)",
					"@executable_path/Frameworks",
				);
				PRODUCT_BUNDLE_IDENTIFIER = "com.stevebrains.Quiz-App";
				PRODUCT_NAME = "$(TARGET_NAME)";
				SWIFT_VERSION = 5.0;
				TARGETED_DEVICE_FAMILY = "1,2";
			};
			name = Release;
		};
		F4264684260A518E00A75EA8 /* Debug */ = {
			isa = XCBuildConfiguration;
			buildSettings = {
				ALWAYS_EMBED_SWIFT_STANDARD_LIBRARIES = YES;
				BUNDLE_LOADER = "$(TEST_HOST)";
				CODE_SIGN_STYLE = Automatic;
				DEVELOPMENT_TEAM = 2N5BZXFW99;
				INFOPLIST_FILE = "Quiz AppTests/Info.plist";
				IPHONEOS_DEPLOYMENT_TARGET = 14.4;
				LD_RUNPATH_SEARCH_PATHS = (
					"$(inherited)",
					"@executable_path/Frameworks",
					"@loader_path/Frameworks",
				);
				PRODUCT_BUNDLE_IDENTIFIER = "com.stevebrains.Quiz-AppTests";
				PRODUCT_NAME = "$(TARGET_NAME)";
				SWIFT_VERSION = 5.0;
				TARGETED_DEVICE_FAMILY = "1,2";
				TEST_HOST = "$(BUILT_PRODUCTS_DIR)/Quiz App.app/Quiz App";
			};
			name = Debug;
		};
		F4264685260A518E00A75EA8 /* Release */ = {
			isa = XCBuildConfiguration;
			buildSettings = {
				ALWAYS_EMBED_SWIFT_STANDARD_LIBRARIES = YES;
				BUNDLE_LOADER = "$(TEST_HOST)";
				CODE_SIGN_STYLE = Automatic;
				DEVELOPMENT_TEAM = 2N5BZXFW99;
				INFOPLIST_FILE = "Quiz AppTests/Info.plist";
				IPHONEOS_DEPLOYMENT_TARGET = 14.4;
				LD_RUNPATH_SEARCH_PATHS = (
					"$(inherited)",
					"@executable_path/Frameworks",
					"@loader_path/Frameworks",
				);
				PRODUCT_BUNDLE_IDENTIFIER = "com.stevebrains.Quiz-AppTests";
				PRODUCT_NAME = "$(TARGET_NAME)";
				SWIFT_VERSION = 5.0;
				TARGETED_DEVICE_FAMILY = "1,2";
				TEST_HOST = "$(BUILT_PRODUCTS_DIR)/Quiz App.app/Quiz App";
			};
			name = Release;
		};
		F4264687260A518E00A75EA8 /* Debug */ = {
			isa = XCBuildConfiguration;
			buildSettings = {
				ALWAYS_EMBED_SWIFT_STANDARD_LIBRARIES = YES;
				CODE_SIGN_STYLE = Automatic;
				DEVELOPMENT_TEAM = 2N5BZXFW99;
				INFOPLIST_FILE = "Quiz AppUITests/Info.plist";
				LD_RUNPATH_SEARCH_PATHS = (
					"$(inherited)",
					"@executable_path/Frameworks",
					"@loader_path/Frameworks",
				);
				PRODUCT_BUNDLE_IDENTIFIER = "com.stevebrains.Quiz-AppUITests";
				PRODUCT_NAME = "$(TARGET_NAME)";
				SWIFT_VERSION = 5.0;
				TARGETED_DEVICE_FAMILY = "1,2";
				TEST_TARGET_NAME = "Quiz App";
			};
			name = Debug;
		};
		F4264688260A518E00A75EA8 /* Release */ = {
			isa = XCBuildConfiguration;
			buildSettings = {
				ALWAYS_EMBED_SWIFT_STANDARD_LIBRARIES = YES;
				CODE_SIGN_STYLE = Automatic;
				DEVELOPMENT_TEAM = 2N5BZXFW99;
				INFOPLIST_FILE = "Quiz AppUITests/Info.plist";
				LD_RUNPATH_SEARCH_PATHS = (
					"$(inherited)",
					"@executable_path/Frameworks",
					"@loader_path/Frameworks",
				);
				PRODUCT_BUNDLE_IDENTIFIER = "com.stevebrains.Quiz-AppUITests";
				PRODUCT_NAME = "$(TARGET_NAME)";
				SWIFT_VERSION = 5.0;
				TARGETED_DEVICE_FAMILY = "1,2";
				TEST_TARGET_NAME = "Quiz App";
			};
			name = Release;
		};
/* End XCBuildConfiguration section */

/* Begin XCConfigurationList section */
		F4264651260A518D00A75EA8 /* Build configuration list for PBXProject "Quiz App" */ = {
			isa = XCConfigurationList;
			buildConfigurations = (
				F426467E260A518E00A75EA8 /* Debug */,
				F426467F260A518E00A75EA8 /* Release */,
			);
			defaultConfigurationIsVisible = 0;
			defaultConfigurationName = Release;
		};
		F4264680260A518E00A75EA8 /* Build configuration list for PBXNativeTarget "Quiz App" */ = {
			isa = XCConfigurationList;
			buildConfigurations = (
				F4264681260A518E00A75EA8 /* Debug */,
				F4264682260A518E00A75EA8 /* Release */,
			);
			defaultConfigurationIsVisible = 0;
			defaultConfigurationName = Release;
		};
		F4264683260A518E00A75EA8 /* Build configuration list for PBXNativeTarget "Quiz AppTests" */ = {
			isa = XCConfigurationList;
			buildConfigurations = (
				F4264684260A518E00A75EA8 /* Debug */,
				F4264685260A518E00A75EA8 /* Release */,
			);
			defaultConfigurationIsVisible = 0;
			defaultConfigurationName = Release;
		};
		F4264686260A518E00A75EA8 /* Build configuration list for PBXNativeTarget "Quiz AppUITests" */ = {
			isa = XCConfigurationList;
			buildConfigurations = (
				F4264687260A518E00A75EA8 /* Debug */,
				F4264688260A518E00A75EA8 /* Release */,
			);
			defaultConfigurationIsVisible = 0;
			defaultConfigurationName = Release;
		};
/* End XCConfigurationList section */
	};
	rootObject = F426464E260A518D00A75EA8 /* Project object */;
}
